
Microsoft Visual Studio Solution File, Format Version 12.00
Project("{FAE04EC0-301F-11D3-BF4B-00C04F79EFBC}") = "Ditto", "Ditto\Ditto.csproj", "{64015DF3-F526-4EEC-81AE-D9864E7EEEA5}"
EndProject
Global
	GlobalSection(SolutionConfigurationPlatforms) = preSolution
		Debug|Any CPU = Debug|Any CPU
		Release|Any CPU = Release|Any CPU
	EndGlobalSection
	GlobalSection(ProjectConfigurationPlatforms) = postSolution
		{64015DF3-F526-4EEC-81AE-D9864E7EEEA5}.Debug|Any CPU.ActiveCfg = Debug|Any CPU
		{64015DF3-F526-4EEC-81AE-D9864E7EEEA5}.Debug|Any CPU.Build.0 = Debug|Any CPU
		{64015DF3-F526-4EEC-81AE-D9864E7EEEA5}.Release|Any CPU.ActiveCfg = Release|Any CPU
		{64015DF3-F526-4EEC-81AE-D9864E7EEEA5}.Release|Any CPU.Build.0 = Release|Any CPU
	EndGlobalSection
EndGlobal
